
Microsoft Visual Studio Solution File, Format Version 12.00
# Visual Studio Version 17
VisualStudioVersion = 17.5.2.0
MinimumVisualStudioVersion = 10.0.40219.1
Project("{FAE04EC0-301F-11D3-BF4B-00C04F79EFBC}") = "Blog.Host", "Blog.Host\Blog.Host.csproj", "{C8F66D8F-FB85-CBE1-9694-CFF3A64E2758}"
EndProject
Project("{2150E333-8FDC-42A3-9474-1A3956D46DE8}") = "BuildingBlocks", "BuildingBlocks", "{7266C4A9-E384-DC00-0EB6-47F6002CFBA7}"
EndProject
Project("{2150E333-8FDC-42A3-9474-1A3956D46DE8}") = "Modules", "Modules", "{CA253913-39DE-BFD0-C9A3-4B7EC6FBDF17}"
EndProject
Project("{2150E333-8FDC-42A3-9474-1A3956D46DE8}") = "Identity", "Identity", "{293C06CD-4E17-48BD-9F3B-B5ADDFFA9425}"
EndProject
Project("{2150E333-8FDC-42A3-9474-1A3956D46DE8}") = "Application", "Application", "{7722366E-FE2E-A4FD-1BAE-E6FCA61BE685}"
EndProject
Project("{FAE04EC0-301F-11D3-BF4B-00C04F79EFBC}") = "Blog.Domain.Identity", "Modules\Identity\Blog.Domain.Identity\Blog.Domain.Identity.csproj", "{AF0FE554-D757-4EBC-887A-249C37176154}"
EndProject
Project("{FAE04EC0-301F-11D3-BF4B-00C04F79EFBC}") = "Blog.Infrastructure.Identity", "Modules\Identity\Blog.Infrastructure.Identity\Blog.Infrastructure.Identity.csproj", "{63FF2F8C-8069-4167-85F7-88D59CEC60B3}"
EndProject
Project("{FAE04EC0-301F-11D3-BF4B-00C04F79EFBC}") = "Blog.Model.Dto.Identity", "Modules\Identity\Blog.Model.Dto.Identity\Blog.Model.Dto.Identity.csproj", "{ED72EB56-7F26-4139-8A0E-2C36AA896735}"
EndProject
Project("{FAE04EC0-301F-11D3-BF4B-00C04F79EFBC}") = "Blog.Service.Identity", "Modules\Identity\Blog.Service.Identity\Blog.Service.Identity.csproj", "{F9FEDEE5-9713-4CAC-A2E1-A3C36191DBFF}"
EndProject
Project("{FAE04EC0-301F-11D3-BF4B-00C04F79EFBC}") = "Blog.Presentation.Identity", "Modules\Identity\Blog.Presentation.Identity\Blog.Presentation.Identity.csproj", "{07313A9B-05D3-4A94-A444-92018FFF7C91}"
EndProject
Project("{FAE04EC0-301F-11D3-BF4B-00C04F79EFBC}") = "Blog.FunctionTest.Identity", "Modules\Identity\Blog.FunctionTest.Identity\Blog.FunctionTest.Identity.csproj", "{9A6544C1-4954-4412-B17A-CBAD35AACA4E}"
EndProject
Project("{FAE04EC0-301F-11D3-BF4B-00C04F79EFBC}") = "Blog.Domain.Application", "Modules\Application\Blog.Domain.Application\Blog.Domain.Application.csproj", "{898ED4A9-7C6F-47DC-BD91-2A4D983ECC0C}"
EndProject
Project("{FAE04EC0-301F-11D3-BF4B-00C04F79EFBC}") = "Blog.Infrastructure.Application", "Modules\Application\Blog.Infrastructure.Application\Blog.Infrastructure.Application.csproj", "{0A5873AB-ACAB-4B81-AD5A-7AC0117E065D}"
EndProject
Project("{FAE04EC0-301F-11D3-BF4B-00C04F79EFBC}") = "Blog.Model.Dto.Application", "Modules\Application\Blog.Model.Dto.Application\Blog.Model.Dto.Application.csproj", "{4620A502-0FC5-45E5-A4ED-4E08F1A9C259}"
EndProject
Project("{FAE04EC0-301F-11D3-BF4B-00C04F79EFBC}") = "Blog.Service.Application", "Modules\Application\Blog.Service.Application\Blog.Service.Application.csproj", "{076BF5C5-8BC8-47AB-AB36-E08D1F05337F}"
EndProject
Project("{FAE04EC0-301F-11D3-BF4B-00C04F79EFBC}") = "Blog.Presentation.Application", "Modules\Application\Blog.Presentation.Application\Blog.Presentation.Application.csproj", "{47D39798-1889-4DFA-8A65-AAF64A642406}"
EndProject
Project("{FAE04EC0-301F-11D3-BF4B-00C04F79EFBC}") = "Blog.FunctionTest.Application", "Modules\Application\Blog.FunctionTest.Application\Blog.FunctionTest.Application.csproj", "{00D84358-BB50-45BF-94AF-E42A3257F24C}"
EndProject
Project("{FAE04EC0-301F-11D3-BF4B-00C04F79EFBC}") = "Blog.Domain.Shared", "BuildingBlocks\Blog.Domain.Shared\Blog.Domain.Shared.csproj", "{D342034F-CD95-4B5B-97EE-B70294A02D45}"
EndProject
Project("{FAE04EC0-301F-11D3-BF4B-00C04F79EFBC}") = "Blog.Infrastructure.Shared", "BuildingBlocks\Blog.Infrastructure.Shared\Blog.Infrastructure.Shared.csproj", "{EAFF2466-93C4-4B85-8969-14C93C8C5877}"
EndProject
Project("{FAE04EC0-301F-11D3-BF4B-00C04F79EFBC}") = "Blog.Model.Dto.Shared", "BuildingBlocks\Blog.Model.Dto.Shared\Blog.Model.Dto.Shared.csproj", "{D307D4D0-E7FB-4168-9C85-EE5E6322F973}"
EndProject
Project("{FAE04EC0-301F-11D3-BF4B-00C04F79EFBC}") = "Blog.Presentation.Shared", "BuildingBlocks\Blog.Presentation.Shared\Blog.Presentation.Shared.csproj", "{9DBF9672-1480-4A72-8859-0D9D3C70B097}"
EndProject
Project("{FAE04EC0-301F-11D3-BF4B-00C04F79EFBC}") = "Blog.Shared", "BuildingBlocks\Blog.Shared\Blog.Shared.csproj", "{F5679939-44B0-4072-BD25-8C3E3B409378}"
EndProject
Project("{FAE04EC0-301F-11D3-BF4B-00C04F79EFBC}") = "Blog.EF", "BuildingBlocks\Blog.EF\Blog.EF.csproj", "{0BD0BBF8-1CDD-485C-A8E3-03C10F832BD7}"
EndProject
Project("{FAE04EC0-301F-11D3-BF4B-00C04F79EFBC}") = "Blog.UnitOfWork", "BuildingBlocks\Blog.UnitOfWork\Blog.UnitOfWork.csproj", "{4F33410B-56DA-4B2C-89C6-1E18A3030EC0}"
EndProject
Project("{FAE04EC0-301F-11D3-BF4B-00C04F79EFBC}") = "Blog.Utilities", "BuildingBlocks\Blog.Utilities\Blog.Utilities.csproj", "{F20C3DCD-C0D5-4DCD-A94E-BA35F613DB87}"
EndProject
Project("{FAE04EC0-301F-11D3-BF4B-00C04F79EFBC}") = "Migration", "Migration\Migration.csproj", "{88A2936C-C1FD-4192-B67B-30E1F1E9C9B6}"
EndProject
Project("{FAE04EC0-301F-11D3-BF4B-00C04F79EFBC}") = "Blog.Files", "BuildingBlocks\Blog.Files\Blog.Files.csproj", "{F9F0B4F7-6D66-4D3F-9755-5FB37DCC8D3F}"
EndProject
Global
	GlobalSection(SolutionConfigurationPlatforms) = preSolution
		Debug|Any CPU = Debug|Any CPU
		Debug|x64 = Debug|x64
		Debug|x86 = Debug|x86
		Release|Any CPU = Release|Any CPU
		Release|x64 = Release|x64
		Release|x86 = Release|x86
	EndGlobalSection
	GlobalSection(ProjectConfigurationPlatforms) = postSolution
		{C8F66D8F-FB85-CBE1-9694-CFF3A64E2758}.Debug|Any CPU.ActiveCfg = Debug|Any CPU
		{C8F66D8F-FB85-CBE1-9694-CFF3A64E2758}.Debug|Any CPU.Build.0 = Debug|Any CPU
		{C8F66D8F-FB85-CBE1-9694-CFF3A64E2758}.Debug|x64.ActiveCfg = Debug|Any CPU
		{C8F66D8F-FB85-CBE1-9694-CFF3A64E2758}.Debug|x64.Build.0 = Debug|Any CPU
		{C8F66D8F-FB85-CBE1-9694-CFF3A64E2758}.Debug|x86.ActiveCfg = Debug|Any CPU
		{C8F66D8F-FB85-CBE1-9694-CFF3A64E2758}.Debug|x86.Build.0 = Debug|Any CPU
		{C8F66D8F-FB85-CBE1-9694-CFF3A64E2758}.Release|Any CPU.ActiveCfg = Release|Any CPU
		{C8F66D8F-FB85-CBE1-9694-CFF3A64E2758}.Release|Any CPU.Build.0 = Release|Any CPU
		{C8F66D8F-FB85-CBE1-9694-CFF3A64E2758}.Release|x64.ActiveCfg = Release|Any CPU
		{C8F66D8F-FB85-CBE1-9694-CFF3A64E2758}.Release|x64.Build.0 = Release|Any CPU
		{C8F66D8F-FB85-CBE1-9694-CFF3A64E2758}.Release|x86.ActiveCfg = Release|Any CPU
		{C8F66D8F-FB85-CBE1-9694-CFF3A64E2758}.Release|x86.Build.0 = Release|Any CPU
		{AF0FE554-D757-4EBC-887A-249C37176154}.Debug|Any CPU.ActiveCfg = Debug|Any CPU
		{AF0FE554-D757-4EBC-887A-249C37176154}.Debug|Any CPU.Build.0 = Debug|Any CPU
		{AF0FE554-D757-4EBC-887A-249C37176154}.Debug|x64.ActiveCfg = Debug|Any CPU
		{AF0FE554-D757-4EBC-887A-249C37176154}.Debug|x64.Build.0 = Debug|Any CPU
		{AF0FE554-D757-4EBC-887A-249C37176154}.Debug|x86.ActiveCfg = Debug|Any CPU
		{AF0FE554-D757-4EBC-887A-249C37176154}.Debug|x86.Build.0 = Debug|Any CPU
		{AF0FE554-D757-4EBC-887A-249C37176154}.Release|Any CPU.ActiveCfg = Release|Any CPU
		{AF0FE554-D757-4EBC-887A-249C37176154}.Release|Any CPU.Build.0 = Release|Any CPU
		{AF0FE554-D757-4EBC-887A-249C37176154}.Release|x64.ActiveCfg = Release|Any CPU
		{AF0FE554-D757-4EBC-887A-249C37176154}.Release|x64.Build.0 = Release|Any CPU
		{AF0FE554-D757-4EBC-887A-249C37176154}.Release|x86.ActiveCfg = Release|Any CPU
		{AF0FE554-D757-4EBC-887A-249C37176154}.Release|x86.Build.0 = Release|Any CPU
		{63FF2F8C-8069-4167-85F7-88D59CEC60B3}.Debug|Any CPU.ActiveCfg = Debug|Any CPU
		{63FF2F8C-8069-4167-85F7-88D59CEC60B3}.Debug|Any CPU.Build.0 = Debug|Any CPU
		{63FF2F8C-8069-4167-85F7-88D59CEC60B3}.Debug|x64.ActiveCfg = Debug|Any CPU
		{63FF2F8C-8069-4167-85F7-88D59CEC60B3}.Debug|x64.Build.0 = Debug|Any CPU
		{63FF2F8C-8069-4167-85F7-88D59CEC60B3}.Debug|x86.ActiveCfg = Debug|Any CPU
		{63FF2F8C-8069-4167-85F7-88D59CEC60B3}.Debug|x86.Build.0 = Debug|Any CPU
		{63FF2F8C-8069-4167-85F7-88D59CEC60B3}.Release|Any CPU.ActiveCfg = Release|Any CPU
		{63FF2F8C-8069-4167-85F7-88D59CEC60B3}.Release|Any CPU.Build.0 = Release|Any CPU
		{63FF2F8C-8069-4167-85F7-88D59CEC60B3}.Release|x64.ActiveCfg = Release|Any CPU
		{63FF2F8C-8069-4167-85F7-88D59CEC60B3}.Release|x64.Build.0 = Release|Any CPU
		{63FF2F8C-8069-4167-85F7-88D59CEC60B3}.Release|x86.ActiveCfg = Release|Any CPU
		{63FF2F8C-8069-4167-85F7-88D59CEC60B3}.Release|x86.Build.0 = Release|Any CPU
		{ED72EB56-7F26-4139-8A0E-2C36AA896735}.Debug|Any CPU.ActiveCfg = Debug|Any CPU
		{ED72EB56-7F26-4139-8A0E-2C36AA896735}.Debug|Any CPU.Build.0 = Debug|Any CPU
		{ED72EB56-7F26-4139-8A0E-2C36AA896735}.Debug|x64.ActiveCfg = Debug|Any CPU
		{ED72EB56-7F26-4139-8A0E-2C36AA896735}.Debug|x64.Build.0 = Debug|Any CPU
		{ED72EB56-7F26-4139-8A0E-2C36AA896735}.Debug|x86.ActiveCfg = Debug|Any CPU
		{ED72EB56-7F26-4139-8A0E-2C36AA896735}.Debug|x86.Build.0 = Debug|Any CPU
		{ED72EB56-7F26-4139-8A0E-2C36AA896735}.Release|Any CPU.ActiveCfg = Release|Any CPU
		{ED72EB56-7F26-4139-8A0E-2C36AA896735}.Release|Any CPU.Build.0 = Release|Any CPU
		{ED72EB56-7F26-4139-8A0E-2C36AA896735}.Release|x64.ActiveCfg = Release|Any CPU
		{ED72EB56-7F26-4139-8A0E-2C36AA896735}.Release|x64.Build.0 = Release|Any CPU
		{ED72EB56-7F26-4139-8A0E-2C36AA896735}.Release|x86.ActiveCfg = Release|Any CPU
		{ED72EB56-7F26-4139-8A0E-2C36AA896735}.Release|x86.Build.0 = Release|Any CPU
		{F9FEDEE5-9713-4CAC-A2E1-A3C36191DBFF}.Debug|Any CPU.ActiveCfg = Debug|Any CPU
		{F9FEDEE5-9713-4CAC-A2E1-A3C36191DBFF}.Debug|Any CPU.Build.0 = Debug|Any CPU
		{F9FEDEE5-9713-4CAC-A2E1-A3C36191DBFF}.Debug|x64.ActiveCfg = Debug|Any CPU
		{F9FEDEE5-9713-4CAC-A2E1-A3C36191DBFF}.Debug|x64.Build.0 = Debug|Any CPU
		{F9FEDEE5-9713-4CAC-A2E1-A3C36191DBFF}.Debug|x86.ActiveCfg = Debug|Any CPU
		{F9FEDEE5-9713-4CAC-A2E1-A3C36191DBFF}.Debug|x86.Build.0 = Debug|Any CPU
		{F9FEDEE5-9713-4CAC-A2E1-A3C36191DBFF}.Release|Any CPU.ActiveCfg = Release|Any CPU
		{F9FEDEE5-9713-4CAC-A2E1-A3C36191DBFF}.Release|Any CPU.Build.0 = Release|Any CPU
		{F9FEDEE5-9713-4CAC-A2E1-A3C36191DBFF}.Release|x64.ActiveCfg = Release|Any CPU
		{F9FEDEE5-9713-4CAC-A2E1-A3C36191DBFF}.Release|x64.Build.0 = Release|Any CPU
		{F9FEDEE5-9713-4CAC-A2E1-A3C36191DBFF}.Release|x86.ActiveCfg = Release|Any CPU
		{F9FEDEE5-9713-4CAC-A2E1-A3C36191DBFF}.Release|x86.Build.0 = Release|Any CPU
		{07313A9B-05D3-4A94-A444-92018FFF7C91}.Debug|Any CPU.ActiveCfg = Debug|Any CPU
		{07313A9B-05D3-4A94-A444-92018FFF7C91}.Debug|Any CPU.Build.0 = Debug|Any CPU
		{07313A9B-05D3-4A94-A444-92018FFF7C91}.Debug|x64.ActiveCfg = Debug|Any CPU
		{07313A9B-05D3-4A94-A444-92018FFF7C91}.Debug|x64.Build.0 = Debug|Any CPU
		{07313A9B-05D3-4A94-A444-92018FFF7C91}.Debug|x86.ActiveCfg = Debug|Any CPU
		{07313A9B-05D3-4A94-A444-92018FFF7C91}.Debug|x86.Build.0 = Debug|Any CPU
		{07313A9B-05D3-4A94-A444-92018FFF7C91}.Release|Any CPU.ActiveCfg = Release|Any CPU
		{07313A9B-05D3-4A94-A444-92018FFF7C91}.Release|Any CPU.Build.0 = Release|Any CPU
		{07313A9B-05D3-4A94-A444-92018FFF7C91}.Release|x64.ActiveCfg = Release|Any CPU
		{07313A9B-05D3-4A94-A444-92018FFF7C91}.Release|x64.Build.0 = Release|Any CPU
		{07313A9B-05D3-4A94-A444-92018FFF7C91}.Release|x86.ActiveCfg = Release|Any CPU
		{07313A9B-05D3-4A94-A444-92018FFF7C91}.Release|x86.Build.0 = Release|Any CPU
		{9A6544C1-4954-4412-B17A-CBAD35AACA4E}.Debug|Any CPU.ActiveCfg = Debug|Any CPU
		{9A6544C1-4954-4412-B17A-CBAD35AACA4E}.Debug|Any CPU.Build.0 = Debug|Any CPU
		{9A6544C1-4954-4412-B17A-CBAD35AACA4E}.Debug|x64.ActiveCfg = Debug|Any CPU
		{9A6544C1-4954-4412-B17A-CBAD35AACA4E}.Debug|x64.Build.0 = Debug|Any CPU
		{9A6544C1-4954-4412-B17A-CBAD35AACA4E}.Debug|x86.ActiveCfg = Debug|Any CPU
		{9A6544C1-4954-4412-B17A-CBAD35AACA4E}.Debug|x86.Build.0 = Debug|Any CPU
		{9A6544C1-4954-4412-B17A-CBAD35AACA4E}.Release|Any CPU.ActiveCfg = Release|Any CPU
		{9A6544C1-4954-4412-B17A-CBAD35AACA4E}.Release|Any CPU.Build.0 = Release|Any CPU
		{9A6544C1-4954-4412-B17A-CBAD35AACA4E}.Release|x64.ActiveCfg = Release|Any CPU
		{9A6544C1-4954-4412-B17A-CBAD35AACA4E}.Release|x64.Build.0 = Release|Any CPU
		{9A6544C1-4954-4412-B17A-CBAD35AACA4E}.Release|x86.ActiveCfg = Release|Any CPU
		{9A6544C1-4954-4412-B17A-CBAD35AACA4E}.Release|x86.Build.0 = Release|Any CPU
		{898ED4A9-7C6F-47DC-BD91-2A4D983ECC0C}.Debug|Any CPU.ActiveCfg = Debug|Any CPU
		{898ED4A9-7C6F-47DC-BD91-2A4D983ECC0C}.Debug|Any CPU.Build.0 = Debug|Any CPU
		{898ED4A9-7C6F-47DC-BD91-2A4D983ECC0C}.Debug|x64.ActiveCfg = Debug|Any CPU
		{898ED4A9-7C6F-47DC-BD91-2A4D983ECC0C}.Debug|x64.Build.0 = Debug|Any CPU
		{898ED4A9-7C6F-47DC-BD91-2A4D983ECC0C}.Debug|x86.ActiveCfg = Debug|Any CPU
		{898ED4A9-7C6F-47DC-BD91-2A4D983ECC0C}.Debug|x86.Build.0 = Debug|Any CPU
		{898ED4A9-7C6F-47DC-BD91-2A4D983ECC0C}.Release|Any CPU.ActiveCfg = Release|Any CPU
		{898ED4A9-7C6F-47DC-BD91-2A4D983ECC0C}.Release|Any CPU.Build.0 = Release|Any CPU
		{898ED4A9-7C6F-47DC-BD91-2A4D983ECC0C}.Release|x64.ActiveCfg = Release|Any CPU
		{898ED4A9-7C6F-47DC-BD91-2A4D983ECC0C}.Release|x64.Build.0 = Release|Any CPU
		{898ED4A9-7C6F-47DC-BD91-2A4D983ECC0C}.Release|x86.ActiveCfg = Release|Any CPU
		{898ED4A9-7C6F-47DC-BD91-2A4D983ECC0C}.Release|x86.Build.0 = Release|Any CPU
		{0A5873AB-ACAB-4B81-AD5A-7AC0117E065D}.Debug|Any CPU.ActiveCfg = Debug|Any CPU
		{0A5873AB-ACAB-4B81-AD5A-7AC0117E065D}.Debug|Any CPU.Build.0 = Debug|Any CPU
		{0A5873AB-ACAB-4B81-AD5A-7AC0117E065D}.Debug|x64.ActiveCfg = Debug|Any CPU
		{0A5873AB-ACAB-4B81-AD5A-7AC0117E065D}.Debug|x64.Build.0 = Debug|Any CPU
		{0A5873AB-ACAB-4B81-AD5A-7AC0117E065D}.Debug|x86.ActiveCfg = Debug|Any CPU
		{0A5873AB-ACAB-4B81-AD5A-7AC0117E065D}.Debug|x86.Build.0 = Debug|Any CPU
		{0A5873AB-ACAB-4B81-AD5A-7AC0117E065D}.Release|Any CPU.ActiveCfg = Release|Any CPU
		{0A5873AB-ACAB-4B81-AD5A-7AC0117E065D}.Release|Any CPU.Build.0 = Release|Any CPU
		{0A5873AB-ACAB-4B81-AD5A-7AC0117E065D}.Release|x64.ActiveCfg = Release|Any CPU
		{0A5873AB-ACAB-4B81-AD5A-7AC0117E065D}.Release|x64.Build.0 = Release|Any CPU
		{0A5873AB-ACAB-4B81-AD5A-7AC0117E065D}.Release|x86.ActiveCfg = Release|Any CPU
		{0A5873AB-ACAB-4B81-AD5A-7AC0117E065D}.Release|x86.Build.0 = Release|Any CPU
		{4620A502-0FC5-45E5-A4ED-4E08F1A9C259}.Debug|Any CPU.ActiveCfg = Debug|Any CPU
		{4620A502-0FC5-45E5-A4ED-4E08F1A9C259}.Debug|Any CPU.Build.0 = Debug|Any CPU
		{4620A502-0FC5-45E5-A4ED-4E08F1A9C259}.Debug|x64.ActiveCfg = Debug|Any CPU
		{4620A502-0FC5-45E5-A4ED-4E08F1A9C259}.Debug|x64.Build.0 = Debug|Any CPU
		{4620A502-0FC5-45E5-A4ED-4E08F1A9C259}.Debug|x86.ActiveCfg = Debug|Any CPU
		{4620A502-0FC5-45E5-A4ED-4E08F1A9C259}.Debug|x86.Build.0 = Debug|Any CPU
		{4620A502-0FC5-45E5-A4ED-4E08F1A9C259}.Release|Any CPU.ActiveCfg = Release|Any CPU
		{4620A502-0FC5-45E5-A4ED-4E08F1A9C259}.Release|Any CPU.Build.0 = Release|Any CPU
		{4620A502-0FC5-45E5-A4ED-4E08F1A9C259}.Release|x64.ActiveCfg = Release|Any CPU
		{4620A502-0FC5-45E5-A4ED-4E08F1A9C259}.Release|x64.Build.0 = Release|Any CPU
		{4620A502-0FC5-45E5-A4ED-4E08F1A9C259}.Release|x86.ActiveCfg = Release|Any CPU
		{4620A502-0FC5-45E5-A4ED-4E08F1A9C259}.Release|x86.Build.0 = Release|Any CPU
		{076BF5C5-8BC8-47AB-AB36-E08D1F05337F}.Debug|Any CPU.ActiveCfg = Debug|Any CPU
		{076BF5C5-8BC8-47AB-AB36-E08D1F05337F}.Debug|Any CPU.Build.0 = Debug|Any CPU
		{076BF5C5-8BC8-47AB-AB36-E08D1F05337F}.Debug|x64.ActiveCfg = Debug|Any CPU
		{076BF5C5-8BC8-47AB-AB36-E08D1F05337F}.Debug|x64.Build.0 = Debug|Any CPU
		{076BF5C5-8BC8-47AB-AB36-E08D1F05337F}.Debug|x86.ActiveCfg = Debug|Any CPU
		{076BF5C5-8BC8-47AB-AB36-E08D1F05337F}.Debug|x86.Build.0 = Debug|Any CPU
		{076BF5C5-8BC8-47AB-AB36-E08D1F05337F}.Release|Any CPU.ActiveCfg = Release|Any CPU
		{076BF5C5-8BC8-47AB-AB36-E08D1F05337F}.Release|Any CPU.Build.0 = Release|Any CPU
		{076BF5C5-8BC8-47AB-AB36-E08D1F05337F}.Release|x64.ActiveCfg = Release|Any CPU
		{076BF5C5-8BC8-47AB-AB36-E08D1F05337F}.Release|x64.Build.0 = Release|Any CPU
		{076BF5C5-8BC8-47AB-AB36-E08D1F05337F}.Release|x86.ActiveCfg = Release|Any CPU
		{076BF5C5-8BC8-47AB-AB36-E08D1F05337F}.Release|x86.Build.0 = Release|Any CPU
		{47D39798-1889-4DFA-8A65-AAF64A642406}.Debug|Any CPU.ActiveCfg = Debug|Any CPU
		{47D39798-1889-4DFA-8A65-AAF64A642406}.Debug|Any CPU.Build.0 = Debug|Any CPU
		{47D39798-1889-4DFA-8A65-AAF64A642406}.Debug|x64.ActiveCfg = Debug|Any CPU
		{47D39798-1889-4DFA-8A65-AAF64A642406}.Debug|x64.Build.0 = Debug|Any CPU
		{47D39798-1889-4DFA-8A65-AAF64A642406}.Debug|x86.ActiveCfg = Debug|Any CPU
		{47D39798-1889-4DFA-8A65-AAF64A642406}.Debug|x86.Build.0 = Debug|Any CPU
		{47D39798-1889-4DFA-8A65-AAF64A642406}.Release|Any CPU.ActiveCfg = Release|Any CPU
		{47D39798-1889-4DFA-8A65-AAF64A642406}.Release|Any CPU.Build.0 = Release|Any CPU
		{47D39798-1889-4DFA-8A65-AAF64A642406}.Release|x64.ActiveCfg = Release|Any CPU
		{47D39798-1889-4DFA-8A65-AAF64A642406}.Release|x64.Build.0 = Release|Any CPU
		{47D39798-1889-4DFA-8A65-AAF64A642406}.Release|x86.ActiveCfg = Release|Any CPU
		{47D39798-1889-4DFA-8A65-AAF64A642406}.Release|x86.Build.0 = Release|Any CPU
		{00D84358-BB50-45BF-94AF-E42A3257F24C}.Debug|Any CPU.ActiveCfg = Debug|Any CPU
		{00D84358-BB50-45BF-94AF-E42A3257F24C}.Debug|Any CPU.Build.0 = Debug|Any CPU
		{00D84358-BB50-45BF-94AF-E42A3257F24C}.Debug|x64.ActiveCfg = Debug|Any CPU
		{00D84358-BB50-45BF-94AF-E42A3257F24C}.Debug|x64.Build.0 = Debug|Any CPU
		{00D84358-BB50-45BF-94AF-E42A3257F24C}.Debug|x86.ActiveCfg = Debug|Any CPU
		{00D84358-BB50-45BF-94AF-E42A3257F24C}.Debug|x86.Build.0 = Debug|Any CPU
		{00D84358-BB50-45BF-94AF-E42A3257F24C}.Release|Any CPU.ActiveCfg = Release|Any CPU
		{00D84358-BB50-45BF-94AF-E42A3257F24C}.Release|Any CPU.Build.0 = Release|Any CPU
		{00D84358-BB50-45BF-94AF-E42A3257F24C}.Release|x64.ActiveCfg = Release|Any CPU
		{00D84358-BB50-45BF-94AF-E42A3257F24C}.Release|x64.Build.0 = Release|Any CPU
		{00D84358-BB50-45BF-94AF-E42A3257F24C}.Release|x86.ActiveCfg = Release|Any CPU
		{00D84358-BB50-45BF-94AF-E42A3257F24C}.Release|x86.Build.0 = Release|Any CPU
		{D342034F-CD95-4B5B-97EE-B70294A02D45}.Debug|Any CPU.ActiveCfg = Debug|Any CPU
		{D342034F-CD95-4B5B-97EE-B70294A02D45}.Debug|Any CPU.Build.0 = Debug|Any CPU
		{D342034F-CD95-4B5B-97EE-B70294A02D45}.Debug|x64.ActiveCfg = Debug|Any CPU
		{D342034F-CD95-4B5B-97EE-B70294A02D45}.Debug|x64.Build.0 = Debug|Any CPU
		{D342034F-CD95-4B5B-97EE-B70294A02D45}.Debug|x86.ActiveCfg = Debug|Any CPU
		{D342034F-CD95-4B5B-97EE-B70294A02D45}.Debug|x86.Build.0 = Debug|Any CPU
		{D342034F-CD95-4B5B-97EE-B70294A02D45}.Release|Any CPU.ActiveCfg = Release|Any CPU
		{D342034F-CD95-4B5B-97EE-B70294A02D45}.Release|Any CPU.Build.0 = Release|Any CPU
		{D342034F-CD95-4B5B-97EE-B70294A02D45}.Release|x64.ActiveCfg = Release|Any CPU
		{D342034F-CD95-4B5B-97EE-B70294A02D45}.Release|x64.Build.0 = Release|Any CPU
		{D342034F-CD95-4B5B-97EE-B70294A02D45}.Release|x86.ActiveCfg = Release|Any CPU
		{D342034F-CD95-4B5B-97EE-B70294A02D45}.Release|x86.Build.0 = Release|Any CPU
		{EAFF2466-93C4-4B85-8969-14C93C8C5877}.Debug|Any CPU.ActiveCfg = Debug|Any CPU
		{EAFF2466-93C4-4B85-8969-14C93C8C5877}.Debug|Any CPU.Build.0 = Debug|Any CPU
		{EAFF2466-93C4-4B85-8969-14C93C8C5877}.Debug|x64.ActiveCfg = Debug|Any CPU
		{EAFF2466-93C4-4B85-8969-14C93C8C5877}.Debug|x64.Build.0 = Debug|Any CPU
		{EAFF2466-93C4-4B85-8969-14C93C8C5877}.Debug|x86.ActiveCfg = Debug|Any CPU
		{EAFF2466-93C4-4B85-8969-14C93C8C5877}.Debug|x86.Build.0 = Debug|Any CPU
		{EAFF2466-93C4-4B85-8969-14C93C8C5877}.Release|Any CPU.ActiveCfg = Release|Any CPU
		{EAFF2466-93C4-4B85-8969-14C93C8C5877}.Release|Any CPU.Build.0 = Release|Any CPU
		{EAFF2466-93C4-4B85-8969-14C93C8C5877}.Release|x64.ActiveCfg = Release|Any CPU
		{EAFF2466-93C4-4B85-8969-14C93C8C5877}.Release|x64.Build.0 = Release|Any CPU
		{EAFF2466-93C4-4B85-8969-14C93C8C5877}.Release|x86.ActiveCfg = Release|Any CPU
		{EAFF2466-93C4-4B85-8969-14C93C8C5877}.Release|x86.Build.0 = Release|Any CPU
		{D307D4D0-E7FB-4168-9C85-EE5E6322F973}.Debug|Any CPU.ActiveCfg = Debug|Any CPU
		{D307D4D0-E7FB-4168-9C85-EE5E6322F973}.Debug|Any CPU.Build.0 = Debug|Any CPU
		{D307D4D0-E7FB-4168-9C85-EE5E6322F973}.Debug|x64.ActiveCfg = Debug|Any CPU
		{D307D4D0-E7FB-4168-9C85-EE5E6322F973}.Debug|x64.Build.0 = Debug|Any CPU
		{D307D4D0-E7FB-4168-9C85-EE5E6322F973}.Debug|x86.ActiveCfg = Debug|Any CPU
		{D307D4D0-E7FB-4168-9C85-EE5E6322F973}.Debug|x86.Build.0 = Debug|Any CPU
		{D307D4D0-E7FB-4168-9C85-EE5E6322F973}.Release|Any CPU.ActiveCfg = Release|Any CPU
		{D307D4D0-E7FB-4168-9C85-EE5E6322F973}.Release|Any CPU.Build.0 = Release|Any CPU
		{D307D4D0-E7FB-4168-9C85-EE5E6322F973}.Release|x64.ActiveCfg = Release|Any CPU
		{D307D4D0-E7FB-4168-9C85-EE5E6322F973}.Release|x64.Build.0 = Release|Any CPU
		{D307D4D0-E7FB-4168-9C85-EE5E6322F973}.Release|x86.ActiveCfg = Release|Any CPU
		{D307D4D0-E7FB-4168-9C85-EE5E6322F973}.Release|x86.Build.0 = Release|Any CPU
		{9DBF9672-1480-4A72-8859-0D9D3C70B097}.Debug|Any CPU.ActiveCfg = Debug|Any CPU
		{9DBF9672-1480-4A72-8859-0D9D3C70B097}.Debug|Any CPU.Build.0 = Debug|Any CPU
		{9DBF9672-1480-4A72-8859-0D9D3C70B097}.Debug|x64.ActiveCfg = Debug|Any CPU
		{9DBF9672-1480-4A72-8859-0D9D3C70B097}.Debug|x64.Build.0 = Debug|Any CPU
		{9DBF9672-1480-4A72-8859-0D9D3C70B097}.Debug|x86.ActiveCfg = Debug|Any CPU
		{9DBF9672-1480-4A72-8859-0D9D3C70B097}.Debug|x86.Build.0 = Debug|Any CPU
		{9DBF9672-1480-4A72-8859-0D9D3C70B097}.Release|Any CPU.ActiveCfg = Release|Any CPU
		{9DBF9672-1480-4A72-8859-0D9D3C70B097}.Release|Any CPU.Build.0 = Release|Any CPU
		{9DBF9672-1480-4A72-8859-0D9D3C70B097}.Release|x64.ActiveCfg = Release|Any CPU
		{9DBF9672-1480-4A72-8859-0D9D3C70B097}.Release|x64.Build.0 = Release|Any CPU
		{9DBF9672-1480-4A72-8859-0D9D3C70B097}.Release|x86.ActiveCfg = Release|Any CPU
		{9DBF9672-1480-4A72-8859-0D9D3C70B097}.Release|x86.Build.0 = Release|Any CPU
		{F5679939-44B0-4072-BD25-8C3E3B409378}.Debug|Any CPU.ActiveCfg = Debug|Any CPU
		{F5679939-44B0-4072-BD25-8C3E3B409378}.Debug|Any CPU.Build.0 = Debug|Any CPU
		{F5679939-44B0-4072-BD25-8C3E3B409378}.Debug|x64.ActiveCfg = Debug|Any CPU
		{F5679939-44B0-4072-BD25-8C3E3B409378}.Debug|x64.Build.0 = Debug|Any CPU
		{F5679939-44B0-4072-BD25-8C3E3B409378}.Debug|x86.ActiveCfg = Debug|Any CPU
		{F5679939-44B0-4072-BD25-8C3E3B409378}.Debug|x86.Build.0 = Debug|Any CPU
		{F5679939-44B0-4072-BD25-8C3E3B409378}.Release|Any CPU.ActiveCfg = Release|Any CPU
		{F5679939-44B0-4072-BD25-8C3E3B409378}.Release|Any CPU.Build.0 = Release|Any CPU
		{F5679939-44B0-4072-BD25-8C3E3B409378}.Release|x64.ActiveCfg = Release|Any CPU
		{F5679939-44B0-4072-BD25-8C3E3B409378}.Release|x64.Build.0 = Release|Any CPU
		{F5679939-44B0-4072-BD25-8C3E3B409378}.Release|x86.ActiveCfg = Release|Any CPU
		{F5679939-44B0-4072-BD25-8C3E3B409378}.Release|x86.Build.0 = Release|Any CPU
		{0BD0BBF8-1CDD-485C-A8E3-03C10F832BD7}.Debug|Any CPU.ActiveCfg = Debug|Any CPU
		{0BD0BBF8-1CDD-485C-A8E3-03C10F832BD7}.Debug|Any CPU.Build.0 = Debug|Any CPU
		{0BD0BBF8-1CDD-485C-A8E3-03C10F832BD7}.Debug|x64.ActiveCfg = Debug|Any CPU
		{0BD0BBF8-1CDD-485C-A8E3-03C10F832BD7}.Debug|x64.Build.0 = Debug|Any CPU
		{0BD0BBF8-1CDD-485C-A8E3-03C10F832BD7}.Debug|x86.ActiveCfg = Debug|Any CPU
		{0BD0BBF8-1CDD-485C-A8E3-03C10F832BD7}.Debug|x86.Build.0 = Debug|Any CPU
		{0BD0BBF8-1CDD-485C-A8E3-03C10F832BD7}.Release|Any CPU.ActiveCfg = Release|Any CPU
		{0BD0BBF8-1CDD-485C-A8E3-03C10F832BD7}.Release|Any CPU.Build.0 = Release|Any CPU
		{0BD0BBF8-1CDD-485C-A8E3-03C10F832BD7}.Release|x64.ActiveCfg = Release|Any CPU
		{0BD0BBF8-1CDD-485C-A8E3-03C10F832BD7}.Release|x64.Build.0 = Release|Any CPU
		{0BD0BBF8-1CDD-485C-A8E3-03C10F832BD7}.Release|x86.ActiveCfg = Release|Any CPU
		{0BD0BBF8-1CDD-485C-A8E3-03C10F832BD7}.Release|x86.Build.0 = Release|Any CPU
		{4F33410B-56DA-4B2C-89C6-1E18A3030EC0}.Debug|Any CPU.ActiveCfg = Debug|Any CPU
		{4F33410B-56DA-4B2C-89C6-1E18A3030EC0}.Debug|Any CPU.Build.0 = Debug|Any CPU
		{4F33410B-56DA-4B2C-89C6-1E18A3030EC0}.Debug|x64.ActiveCfg = Debug|Any CPU
		{4F33410B-56DA-4B2C-89C6-1E18A3030EC0}.Debug|x64.Build.0 = Debug|Any CPU
		{4F33410B-56DA-4B2C-89C6-1E18A3030EC0}.Debug|x86.ActiveCfg = Debug|Any CPU
		{4F33410B-56DA-4B2C-89C6-1E18A3030EC0}.Debug|x86.Build.0 = Debug|Any CPU
		{4F33410B-56DA-4B2C-89C6-1E18A3030EC0}.Release|Any CPU.ActiveCfg = Release|Any CPU
		{4F33410B-56DA-4B2C-89C6-1E18A3030EC0}.Release|Any CPU.Build.0 = Release|Any CPU
		{4F33410B-56DA-4B2C-89C6-1E18A3030EC0}.Release|x64.ActiveCfg = Release|Any CPU
		{4F33410B-56DA-4B2C-89C6-1E18A3030EC0}.Release|x64.Build.0 = Release|Any CPU
		{4F33410B-56DA-4B2C-89C6-1E18A3030EC0}.Release|x86.ActiveCfg = Release|Any CPU
		{4F33410B-56DA-4B2C-89C6-1E18A3030EC0}.Release|x86.Build.0 = Release|Any CPU
		{F20C3DCD-C0D5-4DCD-A94E-BA35F613DB87}.Debug|Any CPU.ActiveCfg = Debug|Any CPU
		{F20C3DCD-C0D5-4DCD-A94E-BA35F613DB87}.Debug|Any CPU.Build.0 = Debug|Any CPU
		{F20C3DCD-C0D5-4DCD-A94E-BA35F613DB87}.Debug|x64.ActiveCfg = Debug|Any CPU
		{F20C3DCD-C0D5-4DCD-A94E-BA35F613DB87}.Debug|x64.Build.0 = Debug|Any CPU
		{F20C3DCD-C0D5-4DCD-A94E-BA35F613DB87}.Debug|x86.ActiveCfg = Debug|Any CPU
		{F20C3DCD-C0D5-4DCD-A94E-BA35F613DB87}.Debug|x86.Build.0 = Debug|Any CPU
		{F20C3DCD-C0D5-4DCD-A94E-BA35F613DB87}.Release|Any CPU.ActiveCfg = Release|Any CPU
		{F20C3DCD-C0D5-4DCD-A94E-BA35F613DB87}.Release|Any CPU.Build.0 = Release|Any CPU
		{F20C3DCD-C0D5-4DCD-A94E-BA35F613DB87}.Release|x64.ActiveCfg = Release|Any CPU
		{F20C3DCD-C0D5-4DCD-A94E-BA35F613DB87}.Release|x64.Build.0 = Release|Any CPU
		{F20C3DCD-C0D5-4DCD-A94E-BA35F613DB87}.Release|x86.ActiveCfg = Release|Any CPU
		{F20C3DCD-C0D5-4DCD-A94E-BA35F613DB87}.Release|x86.Build.0 = Release|Any CPU
		{88A2936C-C1FD-4192-B67B-30E1F1E9C9B6}.Debug|Any CPU.ActiveCfg = Debug|Any CPU
		{88A2936C-C1FD-4192-B67B-30E1F1E9C9B6}.Debug|Any CPU.Build.0 = Debug|Any CPU
		{88A2936C-C1FD-4192-B67B-30E1F1E9C9B6}.Debug|x64.ActiveCfg = Debug|Any CPU
		{88A2936C-C1FD-4192-B67B-30E1F1E9C9B6}.Debug|x64.Build.0 = Debug|Any CPU
		{88A2936C-C1FD-4192-B67B-30E1F1E9C9B6}.Debug|x86.ActiveCfg = Debug|Any CPU
		{88A2936C-C1FD-4192-B67B-30E1F1E9C9B6}.Debug|x86.Build.0 = Debug|Any CPU
		{88A2936C-C1FD-4192-B67B-30E1F1E9C9B6}.Release|Any CPU.ActiveCfg = Release|Any CPU
		{88A2936C-C1FD-4192-B67B-30E1F1E9C9B6}.Release|Any CPU.Build.0 = Release|Any CPU
		{88A2936C-C1FD-4192-B67B-30E1F1E9C9B6}.Release|x64.ActiveCfg = Release|Any CPU
		{88A2936C-C1FD-4192-B67B-30E1F1E9C9B6}.Release|x64.Build.0 = Release|Any CPU
		{88A2936C-C1FD-4192-B67B-30E1F1E9C9B6}.Release|x86.ActiveCfg = Release|Any CPU
		{88A2936C-C1FD-4192-B67B-30E1F1E9C9B6}.Release|x86.Build.0 = Release|Any CPU
		{F9F0B4F7-6D66-4D3F-9755-5FB37DCC8D3F}.Debug|Any CPU.ActiveCfg = Debug|Any CPU
		{F9F0B4F7-6D66-4D3F-9755-5FB37DCC8D3F}.Debug|Any CPU.Build.0 = Debug|Any CPU
		{F9F0B4F7-6D66-4D3F-9755-5FB37DCC8D3F}.Debug|x64.ActiveCfg = Debug|Any CPU
		{F9F0B4F7-6D66-4D3F-9755-5FB37DCC8D3F}.Debug|x64.Build.0 = Debug|Any CPU
		{F9F0B4F7-6D66-4D3F-9755-5FB37DCC8D3F}.Debug|x86.ActiveCfg = Debug|Any CPU
		{F9F0B4F7-6D66-4D3F-9755-5FB37DCC8D3F}.Debug|x86.Build.0 = Debug|Any CPU
		{F9F0B4F7-6D66-4D3F-9755-5FB37DCC8D3F}.Release|Any CPU.ActiveCfg = Release|Any CPU
		{F9F0B4F7-6D66-4D3F-9755-5FB37DCC8D3F}.Release|Any CPU.Build.0 = Release|Any CPU
		{F9F0B4F7-6D66-4D3F-9755-5FB37DCC8D3F}.Release|x64.ActiveCfg = Release|Any CPU
		{F9F0B4F7-6D66-4D3F-9755-5FB37DCC8D3F}.Release|x64.Build.0 = Release|Any CPU
		{F9F0B4F7-6D66-4D3F-9755-5FB37DCC8D3F}.Release|x86.ActiveCfg = Release|Any CPU
		{F9F0B4F7-6D66-4D3F-9755-5FB37DCC8D3F}.Release|x86.Build.0 = Release|Any CPU
	EndGlobalSection
	GlobalSection(SolutionProperties) = preSolution
		HideSolutionNode = FALSE
	EndGlobalSection
	GlobalSection(NestedProjects) = preSolution
		{293C06CD-4E17-48BD-9F3B-B5ADDFFA9425} = {CA253913-39DE-BFD0-C9A3-4B7EC6FBDF17}
		{7722366E-FE2E-A4FD-1BAE-E6FCA61BE685} = {CA253913-39DE-BFD0-C9A3-4B7EC6FBDF17}
		{AF0FE554-D757-4EBC-887A-249C37176154} = {293C06CD-4E17-48BD-9F3B-B5ADDFFA9425}
		{63FF2F8C-8069-4167-85F7-88D59CEC60B3} = {293C06CD-4E17-48BD-9F3B-B5ADDFFA9425}
		{ED72EB56-7F26-4139-8A0E-2C36AA896735} = {293C06CD-4E17-48BD-9F3B-B5ADDFFA9425}
		{F9FEDEE5-9713-4CAC-A2E1-A3C36191DBFF} = {293C06CD-4E17-48BD-9F3B-B5ADDFFA9425}
		{07313A9B-05D3-4A94-A444-92018FFF7C91} = {293C06CD-4E17-48BD-9F3B-B5ADDFFA9425}
		{9A6544C1-4954-4412-B17A-CBAD35AACA4E} = {293C06CD-4E17-48BD-9F3B-B5ADDFFA9425}
		{898ED4A9-7C6F-47DC-BD91-2A4D983ECC0C} = {7722366E-FE2E-A4FD-1BAE-E6FCA61BE685}
		{0A5873AB-ACAB-4B81-AD5A-7AC0117E065D} = {7722366E-FE2E-A4FD-1BAE-E6FCA61BE685}
		{4620A502-0FC5-45E5-A4ED-4E08F1A9C259} = {7722366E-FE2E-A4FD-1BAE-E6FCA61BE685}
		{076BF5C5-8BC8-47AB-AB36-E08D1F05337F} = {7722366E-FE2E-A4FD-1BAE-E6FCA61BE685}
		{47D39798-1889-4DFA-8A65-AAF64A642406} = {7722366E-FE2E-A4FD-1BAE-E6FCA61BE685}
		{00D84358-BB50-45BF-94AF-E42A3257F24C} = {7722366E-FE2E-A4FD-1BAE-E6FCA61BE685}
		{D342034F-CD95-4B5B-97EE-B70294A02D45} = {7266C4A9-E384-DC00-0EB6-47F6002CFBA7}
		{EAFF2466-93C4-4B85-8969-14C93C8C5877} = {7266C4A9-E384-DC00-0EB6-47F6002CFBA7}
		{D307D4D0-E7FB-4168-9C85-EE5E6322F973} = {7266C4A9-E384-DC00-0EB6-47F6002CFBA7}
		{9DBF9672-1480-4A72-8859-0D9D3C70B097} = {7266C4A9-E384-DC00-0EB6-47F6002CFBA7}
		{F5679939-44B0-4072-BD25-8C3E3B409378} = {7266C4A9-E384-DC00-0EB6-47F6002CFBA7}
		{0BD0BBF8-1CDD-485C-A8E3-03C10F832BD7} = {7266C4A9-E384-DC00-0EB6-47F6002CFBA7}
		{4F33410B-56DA-4B2C-89C6-1E18A3030EC0} = {7266C4A9-E384-DC00-0EB6-47F6002CFBA7}
		{F20C3DCD-C0D5-4DCD-A94E-BA35F613DB87} = {7266C4A9-E384-DC00-0EB6-47F6002CFBA7}
		{F9F0B4F7-6D66-4D3F-9755-5FB37DCC8D3F} = {7266C4A9-E384-DC00-0EB6-47F6002CFBA7}
	EndGlobalSection
	GlobalSection(ExtensibilityGlobals) = postSolution
		SolutionGuid = {0FC2B8D3-E955-49ED-B1B0-A50D64A09D41}
	EndGlobalSection
EndGlobal
